
Microsoft Visual Studio Solution File, Format Version 12.00
# Visual Studio Version 17
VisualStudioVersion = 17.10.35122.118
MinimumVisualStudioVersion = 10.0.40219.1
Project("{9A19103F-16F7-4668-BE54-9A1E7A4F7556}") = "DisputePortal.Api", "DisputePortal.Api\DisputePortal.Api.csproj", "{90E1034C-8221-4393-A751-ACACCB2705D4}"
EndProject
Project("{2150E333-8FDC-42A3-9474-1A3956D46DE8}") = "Solution Items", "Solution Items", "{014FF89A-2EE0-4435-9831-2B72C81BAB4B}"
	ProjectSection(SolutionItems) = preProject
		docker-compose.yml = docker-compose.yml
	EndProjectSection
EndProject
Project("{E24C65DC-7377-472B-9ABA-BC803B73C61A}") = "dispute-portal-client", "dispute-portal-client\", "{5CDB421B-32B2-4C24-E220-C0759102F86C}"
	ProjectSection(WebsiteProperties) = preProject
		TargetFrameworkMoniker = ".NETFramework,Version%3Dv4.0"
		Debug.AspNetCompiler.VirtualPath = "/localhost_51178"
		Debug.AspNetCompiler.PhysicalPath = "dispute-portal-client\"
		Debug.AspNetCompiler.TargetPath = "PrecompiledWeb\localhost_51178\"
		Debug.AspNetCompiler.Updateable = "true"
		Debug.AspNetCompiler.ForceOverwrite = "true"
		Debug.AspNetCompiler.FixedNames = "false"
		Debug.AspNetCompiler.Debug = "True"
		Release.AspNetCompiler.VirtualPath = "/localhost_51178"
		Release.AspNetCompiler.PhysicalPath = "dispute-portal-client\"
		Release.AspNetCompiler.TargetPath = "PrecompiledWeb\localhost_51178\"
		Release.AspNetCompiler.Updateable = "true"
		Release.AspNetCompiler.ForceOverwrite = "true"
		Release.AspNetCompiler.FixedNames = "false"
		Release.AspNetCompiler.Debug = "False"
		VWDPort = "51178"
		SlnRelativePath = "dispute-portal-client\"
	EndProjectSection
EndProject
Project("{FAE04EC0-301F-11D3-BF4B-00C04F79EFBC}") = "DisputePortal.Tests", "DisputePortal.Tests\DisputePortal.Tests.csproj", "{5CB8BFEF-24D0-4299-A179-EA91F1AE09F1}"
EndProject
Global
	GlobalSection(SolutionConfigurationPlatforms) = preSolution
		Debug|Any CPU = Debug|Any CPU
		Debug|x64 = Debug|x64
		Debug|x86 = Debug|x86
		Release|Any CPU = Release|Any CPU
		Release|x64 = Release|x64
		Release|x86 = Release|x86
	EndGlobalSection
	GlobalSection(ProjectConfigurationPlatforms) = postSolution
		{90E1034C-8221-4393-A751-ACACCB2705D4}.Debug|Any CPU.ActiveCfg = Debug|Any CPU
		{90E1034C-8221-4393-A751-ACACCB2705D4}.Debug|Any CPU.Build.0 = Debug|Any CPU
		{90E1034C-8221-4393-A751-ACACCB2705D4}.Debug|x64.ActiveCfg = Debug|Any CPU
		{90E1034C-8221-4393-A751-ACACCB2705D4}.Debug|x64.Build.0 = Debug|Any CPU
		{90E1034C-8221-4393-A751-ACACCB2705D4}.Debug|x86.ActiveCfg = Debug|Any CPU
		{90E1034C-8221-4393-A751-ACACCB2705D4}.Debug|x86.Build.0 = Debug|Any CPU
		{90E1034C-8221-4393-A751-ACACCB2705D4}.Release|Any CPU.ActiveCfg = Release|Any CPU
		{90E1034C-8221-4393-A751-ACACCB2705D4}.Release|Any CPU.Build.0 = Release|Any CPU
		{90E1034C-8221-4393-A751-ACACCB2705D4}.Release|x64.ActiveCfg = Release|Any CPU
		{90E1034C-8221-4393-A751-ACACCB2705D4}.Release|x64.Build.0 = Release|Any CPU
		{90E1034C-8221-4393-A751-ACACCB2705D4}.Release|x86.ActiveCfg = Release|Any CPU
		{90E1034C-8221-4393-A751-ACACCB2705D4}.Release|x86.Build.0 = Release|Any CPU
		{5CDB421B-32B2-4C24-E220-C0759102F86C}.Debug|Any CPU.ActiveCfg = Debug|Any CPU
		{5CDB421B-32B2-4C24-E220-C0759102F86C}.Debug|Any CPU.Build.0 = Debug|Any CPU
		{5CDB421B-32B2-4C24-E220-C0759102F86C}.Debug|x64.ActiveCfg = Debug|Any CPU
		{5CDB421B-32B2-4C24-E220-C0759102F86C}.Debug|x64.Build.0 = Debug|Any CPU
		{5CDB421B-32B2-4C24-E220-C0759102F86C}.Debug|x86.ActiveCfg = Debug|Any CPU
		{5CDB421B-32B2-4C24-E220-C0759102F86C}.Debug|x86.Build.0 = Debug|Any CPU
		{5CDB421B-32B2-4C24-E220-C0759102F86C}.Release|Any CPU.ActiveCfg = Debug|Any CPU
		{5CDB421B-32B2-4C24-E220-C0759102F86C}.Release|Any CPU.Build.0 = Debug|Any CPU
		{5CDB421B-32B2-4C24-E220-C0759102F86C}.Release|x64.ActiveCfg = Release|Any CPU
		{5CDB421B-32B2-4C24-E220-C0759102F86C}.Release|x64.Build.0 = Release|Any CPU
		{5CDB421B-32B2-4C24-E220-C0759102F86C}.Release|x86.ActiveCfg = Release|Any CPU
		{5CDB421B-32B2-4C24-E220-C0759102F86C}.Release|x86.Build.0 = Release|Any CPU
		{5CB8BFEF-24D0-4299-A179-EA91F1AE09F1}.Debug|Any CPU.ActiveCfg = Debug|Any CPU
		{5CB8BFEF-24D0-4299-A179-EA91F1AE09F1}.Debug|Any CPU.Build.0 = Debug|Any CPU
		{5CB8BFEF-24D0-4299-A179-EA91F1AE09F1}.Debug|x64.ActiveCfg = Debug|Any CPU
		{5CB8BFEF-24D0-4299-A179-EA91F1AE09F1}.Debug|x64.Build.0 = Debug|Any CPU
		{5CB8BFEF-24D0-4299-A179-EA91F1AE09F1}.Debug|x86.ActiveCfg = Debug|Any CPU
		{5CB8BFEF-24D0-4299-A179-EA91F1AE09F1}.Debug|x86.Build.0 = Debug|Any CPU
		{5CB8BFEF-24D0-4299-A179-EA91F1AE09F1}.Release|Any CPU.ActiveCfg = Release|Any CPU
		{5CB8BFEF-24D0-4299-A179-EA91F1AE09F1}.Release|Any CPU.Build.0 = Release|Any CPU
		{5CB8BFEF-24D0-4299-A179-EA91F1AE09F1}.Release|x64.ActiveCfg = Release|Any CPU
		{5CB8BFEF-24D0-4299-A179-EA91F1AE09F1}.Release|x64.Build.0 = Release|Any CPU
		{5CB8BFEF-24D0-4299-A179-EA91F1AE09F1}.Release|x86.ActiveCfg = Release|Any CPU
		{5CB8BFEF-24D0-4299-A179-EA91F1AE09F1}.Release|x86.Build.0 = Release|Any CPU
	EndGlobalSection
	GlobalSection(SolutionProperties) = preSolution
		HideSolutionNode = FALSE
	EndGlobalSection
	GlobalSection(ExtensibilityGlobals) = postSolution
		SolutionGuid = {C71F75E6-A072-4F47-B983-B49FB1F99B9A}
	EndGlobalSection
EndGlobal
